
Microsoft Visual Studio Solution File, Format Version 12.00
# Visual Studio 15
VisualStudioVersion = 15.0.28307.1259
MinimumVisualStudioVersion = 10.0.40219.1
Project("{8BC9CEB8-8B4A-11D0-8D11-00A0C91BC942}") = "SortedList", "SortedList\SortedList.vcxproj", "{832E4EFF-DE80-431C-8276-DB930A098B43}"
EndProject
Global
	GlobalSection(SolutionConfigurationPlatforms) = preSolution
		Debug|x64 = Debug|x64
		Debug|x86 = Debug|x86
		Release|x64 = Release|x64
		Release|x86 = Release|x86
	EndGlobalSection
	GlobalSection(ProjectConfigurationPlatforms) = postSolution
		{832E4EFF-DE80-431C-8276-DB930A098B43}.Debug|x64.ActiveCfg = Debug|x64
		{832E4EFF-DE80-431C-8276-DB930A098B43}.Debug|x64.Build.0 = Debug|x64
		{832E4EFF-DE80-431C-8276-DB930A098B43}.Debug|x86.ActiveCfg = Debug|Win32
		{832E4EFF-DE80-431C-8276-DB930A098B43}.Debug|x86.Build.0 = Debug|Win32
		{832E4EFF-DE80-431C-8276-DB930A098B43}.Release|x64.ActiveCfg = Release|x64
		{832E4EFF-DE80-431C-8276-DB930A098B43}.Release|x64.Build.0 = Release|x64
		{832E4EFF-DE80-431C-8276-DB930A098B43}.Release|x86.ActiveCfg = Release|Win32
		{832E4EFF-DE80-431C-8276-DB930A098B43}.Release|x86.Build.0 = Release|Win32
	EndGlobalSection
	GlobalSection(SolutionProperties) = preSolution
		HideSolutionNode = FALSE
	EndGlobalSection
	GlobalSection(ExtensibilityGlobals) = postSolution
		SolutionGuid = {BEFFC3E0-94BD-4413-8CC1-827EC67A76DC}
	EndGlobalSection
EndGlobal
